
Microsoft Visual Studio Solution File, Format Version 12.00
# Visual Studio 14
VisualStudioVersion = 14.0.25420.1
MinimumVisualStudioVersion = 10.0.40219.1
Project("{9092AA53-FB77-4645-B42D-1CCCA6BD08BD}") = "SonarAnalyzer.TypeScript", "SonarAnalyzer.TypeScript\SonarAnalyzer.TypeScript.njsproj", "{BF39282B-2EBC-458E-B467-6C1884D5633D}"
EndProject
Project("{FAE04EC0-301F-11D3-BF4B-00C04F79EFBC}") = "SonarLint.Host", "SonarLint.Host\SonarLint.Host.csproj", "{2FAB2C80-2705-4432-8015-17B2649E77C8}"
EndProject
Global
	GlobalSection(SolutionConfigurationPlatforms) = preSolution
		Debug|Any CPU = Debug|Any CPU
		Release|Any CPU = Release|Any CPU
	EndGlobalSection
	GlobalSection(ProjectConfigurationPlatforms) = postSolution
		{BF39282B-2EBC-458E-B467-6C1884D5633D}.Debug|Any CPU.ActiveCfg = Debug|Any CPU
		{BF39282B-2EBC-458E-B467-6C1884D5633D}.Debug|Any CPU.Build.0 = Debug|Any CPU
		{BF39282B-2EBC-458E-B467-6C1884D5633D}.Release|Any CPU.ActiveCfg = Release|Any CPU
		{BF39282B-2EBC-458E-B467-6C1884D5633D}.Release|Any CPU.Build.0 = Release|Any CPU
		{2FAB2C80-2705-4432-8015-17B2649E77C8}.Debug|Any CPU.ActiveCfg = Debug|Any CPU
		{2FAB2C80-2705-4432-8015-17B2649E77C8}.Debug|Any CPU.Build.0 = Debug|Any CPU
		{2FAB2C80-2705-4432-8015-17B2649E77C8}.Release|Any CPU.ActiveCfg = Release|Any CPU
		{2FAB2C80-2705-4432-8015-17B2649E77C8}.Release|Any CPU.Build.0 = Release|Any CPU
	EndGlobalSection
	GlobalSection(SolutionProperties) = preSolution
		HideSolutionNode = FALSE
	EndGlobalSection
EndGlobal
